<?xml version="1.0" encoding="utf-8"?>
<Project ToolsVersion="4.0" xmlns="http://schemas.microsoft.com/developer/msbuild/2003">
  <ItemGroup>
    <Filter Include="Resource Files">
      <UniqueIdentifier>{67DA6AB6-F800-4c08-8B7A-83BB121AAD01}</UniqueIdentifier>
      <Extensions>rc;ico;cur;bmp;dlg;rc2;rct;bin;rgs;gif;jpg;jpeg;jpe;resx;tiff;tif;png;wav;mfcribbon-ms</Extensions>
    </Filter>
    <Filter Include="Device">
      <UniqueIdentifier>{34a8cc7c-9b60-4af8-8b26-62c952d73f08}</UniqueIdentifier>
    </Filter>
    <Filter Include="App">
      <UniqueIdentifier>{593d862b-0a09-4d3c-95d0-ea3e18a9f50a}</UniqueIdentifier>
    </Filter>
    <Filter Include="Timer">
      <UniqueIdentifier>{09b6da50-3138-4138-9685-2a6653e8e79e}</UniqueIdentifier>
    </Filter>
    <Filter Include="Common">
      <UniqueIdentifier>{bba8a0e1-6e22-4249-b5d1-ad8aa26a38d5}</UniqueIdentifier>
    </Filter>
    <Filter Include="Chapter6">
      <UniqueIdentifier>{30a6374f-df93-4b17-9f73-f20c904b25b9}</UniqueIdentifier>
    </Filter>
    <Filter Include="Chapter6\Hill">
      <UniqueIdentifier>{3d530a17-0b64-4294-9606-062d960a14ac}</UniqueIdentifier>
    </Filter>
    <Filter Include="Chapter6\Shapes">
      <UniqueIdentifier>{f081391d-5ce2-4261-899f-40afe0d8978b}</UniqueIdentifier>
    </Filter>
    <Filter Include="Chapter6\Skull">
      <UniqueIdentifier>{eba6fac5-3ca8-4169-8feb-b11a116206e1}</UniqueIdentifier>
    </Filter>
    <Filter Include="Fx">
      <UniqueIdentifier>{f0c9f746-d0fd-499a-abae-a13ad425dea4}</UniqueIdentifier>
    </Filter>
    <Filter Include="Chapter6\Wave">
      <UniqueIdentifier>{f52340e4-6055-408e-8bd5-ab2650ce194c}</UniqueIdentifier>
    </Filter>
    <Filter Include="Chapter7">
      <UniqueIdentifier>{48ba5cd9-5c83-4b25-9a8b-db4637a4f4af}</UniqueIdentifier>
    </Filter>
    <Filter Include="Chapter8">
      <UniqueIdentifier>{ba2fd738-a031-4b66-b988-47090fa8829a}</UniqueIdentifier>
    </Filter>
  </ItemGroup>
  <ItemGroup>
    <Text Include="ReadMe.txt" />
  </ItemGroup>
  <ItemGroup>
    <ClInclude Include="RHID3D11Device.h">
      <Filter>Device</Filter>
    </ClInclude>
    <ClInclude Include="Settings.h">
      <Filter>Device</Filter>
    </ClInclude>
    <ClInclude Include="targetver.h">
      <Filter>App</Filter>
    </ClInclude>
    <ClInclude Include="Resource.h">
      <Filter>App</Filter>
    </ClInclude>
    <ClInclude Include="GameTimer.h">
      <Filter>Timer</Filter>
    </ClInclude>
    <ClInclude Include="D3DApp.h">
      <Filter>App</Filter>
    </ClInclude>
    <ClInclude Include="AppMain.h">
      <Filter>App</Filter>
    </ClInclude>
    <ClInclude Include="d3dx11effect.h">
      <Filter>Common</Filter>
    </ClInclude>
    <ClInclude Include="MathHelper.h">
      <Filter>Common</Filter>
    </ClInclude>
    <ClInclude Include="d3dUtil.h">
      <Filter>Common</Filter>
    </ClInclude>
    <ClInclude Include="LightHelper.h">
      <Filter>Common</Filter>
    </ClInclude>
    <ClInclude Include="GeometryGenerator.h">
      <Filter>Common</Filter>
    </ClInclude>
    <ClInclude Include="HillsApp.h">
      <Filter>Chapter6\Hill</Filter>
    </ClInclude>
    <ClInclude Include="ShapesDemo.h">
      <Filter>Chapter6\Shapes</Filter>
    </ClInclude>
    <ClInclude Include="SkullDemo.h">
      <Filter>Chapter6\Skull</Filter>
    </ClInclude>
    <ClInclude Include="stdafx.h">
      <Filter>App</Filter>
    </ClInclude>
    <ClInclude Include="WaveApp.h">
      <Filter>Chapter6\Wave</Filter>
    </ClInclude>
    <ClInclude Include="LightingDemo.h">
      <Filter>Chapter7</Filter>
    </ClInclude>
    <ClInclude Include="LitSkull.h">
      <Filter>Chapter7</Filter>
    </ClInclude>
    <ClInclude Include="Vertex.h">
      <Filter>Common</Filter>
    </ClInclude>
    <ClInclude Include="Effects.h">
      <Filter>Common</Filter>
    </ClInclude>
    <ClInclude Include="CrateDemo.h">
      <Filter>Chapter8</Filter>
    </ClInclude>
    <ClInclude Include="Waves.h">
      <Filter>Common</Filter>
    </ClInclude>
    <ClInclude Include="TexturedHillsAndWavesDemo.h">
      <Filter>Chapter8</Filter>
    </ClInclude>
  </ItemGroup>
  <ItemGroup>
    <ClCompile Include="RHID3D11Device.cpp">
      <Filter>Device</Filter>
    </ClCompile>
    <ClCompile Include="Settings.cpp">
      <Filter>Device</Filter>
    </ClCompile>
    <ClCompile Include="GameTimer.cpp">
      <Filter>Timer</Filter>
    </ClCompile>
    <ClCompile Include="D3DApp.cpp">
      <Filter>App</Filter>
    </ClCompile>
    <ClCompile Include="AppMain.cpp">
      <Filter>App</Filter>
    </ClCompile>
    <ClCompile Include="MathHelper.cpp">
      <Filter>Common</Filter>
    </ClCompile>
    <ClCompile Include="d3dUtil.cpp">
      <Filter>Common</Filter>
    </ClCompile>
    <ClCompile Include="LightHelper.cpp">
      <Filter>Common</Filter>
    </ClCompile>
    <ClCompile Include="GeometryGenerator.cpp">
      <Filter>Common</Filter>
    </ClCompile>
    <ClCompile Include="HilsApp.cpp">
      <Filter>Chapter6\Hill</Filter>
    </ClCompile>
    <ClCompile Include="ShapesDemo.cpp">
      <Filter>Chapter6\Shapes</Filter>
    </ClCompile>
    <ClCompile Include="SkullDemo.cpp">
      <Filter>Chapter6\Skull</Filter>
    </ClCompile>
    <ClCompile Include="stdafx.cpp">
      <Filter>App</Filter>
    </ClCompile>
    <ClCompile Include="WaveApp.cpp">
      <Filter>Chapter6\Wave</Filter>
    </ClCompile>
    <ClCompile Include="mainlauncher.cpp" />
    <ClCompile Include="LightingDemo.cpp">
      <Filter>Chapter7</Filter>
    </ClCompile>
    <ClCompile Include="LitSkull.cpp">
      <Filter>Chapter7</Filter>
    </ClCompile>
    <ClCompile Include="Vertex.cpp">
      <Filter>Common</Filter>
    </ClCompile>
    <ClCompile Include="Effects.cpp">
      <Filter>Common</Filter>
    </ClCompile>
    <ClCompile Include="CrateDemo.cpp">
      <Filter>Chapter8</Filter>
    </ClCompile>
    <ClCompile Include="Waves.cpp">
      <Filter>Common</Filter>
    </ClCompile>
    <ClCompile Include="TexturedHillsAndWavesDemo.cpp">
      <Filter>Chapter8</Filter>
    </ClCompile>
  </ItemGroup>
  <ItemGroup>
    <ResourceCompile Include="DirectXInitialize.rc">
      <Filter>Resource Files</Filter>
    </ResourceCompile>
  </ItemGroup>
  <ItemGroup>
    <Image Include="small.ico">
      <Filter>Resource Files</Filter>
    </Image>
    <Image Include="DirectXInitialize.ico">
      <Filter>Resource Files</Filter>
    </Image>
  </ItemGroup>
  <ItemGroup>
    <None Include="..\FX\Lighting.fx">
      <Filter>Fx</Filter>
    </None>
    <None Include="..\FX\LightHelper.fx">
      <Filter>Fx</Filter>
    </None>
  </ItemGroup>
  <ItemGroup>
    <FxCompile Include="..\FX\Basic.fx">
      <Filter>Fx</Filter>
    </FxCompile>
    <FxCompile Include="..\FX\color.fx">
      <Filter>Fx</Filter>
    </FxCompile>
  </ItemGroup>
  <ItemGroup>
    <CustomBuild Include="..\FX\BasicT.fx">
      <Filter>Fx</Filter>
    </CustomBuild>
  </ItemGroup>
</Project>