<?xml version="1.0" encoding="utf-8"?>
<Project ToolsVersion="4.0" xmlns="http://schemas.microsoft.com/developer/msbuild/2003">
  <ItemGroup>
    <Filter Include="Resource Files">
      <UniqueIdentifier>{67DA6AB6-F800-4c08-8B7A-83BB121AAD01}</UniqueIdentifier>
      <Extensions>rc;ico;cur;bmp;dlg;rc2;rct;bin;rgs;gif;jpg;jpeg;jpe;resx;tiff;tif;png;wav;mfcribbon-ms</Extensions>
    </Filter>
    <Filter Include="Device">
      <UniqueIdentifier>{34a8cc7c-9b60-4af8-8b26-62c952d73f08}</UniqueIdentifier>
    </Filter>
    <Filter Include="App">
      <UniqueIdentifier>{593d862b-0a09-4d3c-95d0-ea3e18a9f50a}</UniqueIdentifier>
    </Filter>
    <Filter Include="Timer">
      <UniqueIdentifier>{09b6da50-3138-4138-9685-2a6653e8e79e}</UniqueIdentifier>
    </Filter>
    <Filter Include="Chapter4.4">
      <UniqueIdentifier>{ab22c0fb-548e-46dc-a23e-a1e6488fe8e3}</UniqueIdentifier>
    </Filter>
  </ItemGroup>
  <ItemGroup>
    <Text Include="ReadMe.txt" />
  </ItemGroup>
  <ItemGroup>
    <ClInclude Include="RHID3D11Device.h">
      <Filter>Device</Filter>
    </ClInclude>
    <ClInclude Include="Settings.h">
      <Filter>Device</Filter>
    </ClInclude>
    <ClInclude Include="targetver.h">
      <Filter>App</Filter>
    </ClInclude>
    <ClInclude Include="Resource.h">
      <Filter>App</Filter>
    </ClInclude>
    <ClInclude Include="stdafx.h" />
    <ClInclude Include="GameTimer.h">
      <Filter>Timer</Filter>
    </ClInclude>
    <ClInclude Include="D3DApp.h">
      <Filter>App</Filter>
    </ClInclude>
    <ClInclude Include="AppMain.h">
      <Filter>App</Filter>
    </ClInclude>
    <ClInclude Include="InitDirect3DApp.h">
      <Filter>Chapter4.4</Filter>
    </ClInclude>
  </ItemGroup>
  <ItemGroup>
    <ClCompile Include="RHID3D11Device.cpp">
      <Filter>Device</Filter>
    </ClCompile>
    <ClCompile Include="Settings.cpp">
      <Filter>Device</Filter>
    </ClCompile>
    <ClCompile Include="stdafx.cpp" />
    <ClCompile Include="GameTimer.cpp">
      <Filter>Timer</Filter>
    </ClCompile>
    <ClCompile Include="D3DApp.cpp">
      <Filter>App</Filter>
    </ClCompile>
    <ClCompile Include="AppMain.cpp">
      <Filter>App</Filter>
    </ClCompile>
    <ClCompile Include="InitDirect3DApp.cpp">
      <Filter>Chapter4.4</Filter>
    </ClCompile>
  </ItemGroup>
  <ItemGroup>
    <ResourceCompile Include="DirectXInitialize.rc">
      <Filter>Resource Files</Filter>
    </ResourceCompile>
  </ItemGroup>
  <ItemGroup>
    <Image Include="small.ico">
      <Filter>Resource Files</Filter>
    </Image>
    <Image Include="DirectXInitialize.ico">
      <Filter>Resource Files</Filter>
    </Image>
  </ItemGroup>
</Project>